
Microsoft Visual Studio Solution File, Format Version 12.00
Project("{FAE04EC0-301F-11D3-BF4B-00C04F79EFBC}") = "API", "..\server\API\API.csproj", "{BADD851E-B8D4-4A79-BB38-F3703F287655}"
EndProject
Global
	GlobalSection(SolutionConfigurationPlatforms) = preSolution
		Debug|Any CPU = Debug|Any CPU
		Release|Any CPU = Release|Any CPU
	EndGlobalSection
	GlobalSection(ProjectConfigurationPlatforms) = postSolution
		{BADD851E-B8D4-4A79-BB38-F3703F287655}.Debug|Any CPU.ActiveCfg = Debug|Any CPU
		{BADD851E-B8D4-4A79-BB38-F3703F287655}.Debug|Any CPU.Build.0 = Debug|Any CPU
		{BADD851E-B8D4-4A79-BB38-F3703F287655}.Release|Any CPU.ActiveCfg = Release|Any CPU
		{BADD851E-B8D4-4A79-BB38-F3703F287655}.Release|Any CPU.Build.0 = Release|Any CPU
	EndGlobalSection
EndGlobal
